Microsoft Visual Studio Solution File, Format Version 12.00
# Visual Studio Version 17
VisualStudioVersion = 17.5.2.0
MinimumVisualStudioVersion = 10.0.40219.1
Project("{FAE04EC0-301F-11D3-BF4B-00C04F79EFBC}") = "CakeBuild", "CakeBuild\CakeBuild.csproj", "{0EDF37D4-321E-4C69-BC4C-3CD2E85D92EF}"
EndProject
Project("{FAE04EC0-301F-11D3-BF4B-00C04F79EFBC}") = "SteelmakingExpanded", "SteelmakingExpanded\SteelmakingExpanded.csproj", "{37E86957-665A-D94F-EF73-3956E1782B72}"
EndProject
Global
	GlobalSection(SolutionConfigurationPlatforms) = preSolution
		Debug|Any CPU = Debug|Any CPU
		Release|Any CPU = Release|Any CPU
	EndGlobalSection
	GlobalSection(ProjectConfigurationPlatforms) = postSolution
		{0EDF37D4-321E-4C69-BC4C-3CD2E85D92EF}.Debug|Any CPU.ActiveCfg = Debug|Any CPU
		{0EDF37D4-321E-4C69-BC4C-3CD2E85D92EF}.Debug|Any CPU.Build.0 = Debug|Any CPU
		{0EDF37D4-321E-4C69-BC4C-3CD2E85D92EF}.Release|Any CPU.ActiveCfg = Release|Any CPU
		{0EDF37D4-321E-4C69-BC4C-3CD2E85D92EF}.Release|Any CPU.Build.0 = Release|Any CPU
		{37E86957-665A-D94F-EF73-3956E1782B72}.Debug|Any CPU.ActiveCfg = Debug|Any CPU
		{37E86957-665A-D94F-EF73-3956E1782B72}.Debug|Any CPU.Build.0 = Debug|Any CPU
		{37E86957-665A-D94F-EF73-3956E1782B72}.Release|Any CPU.ActiveCfg = Release|Any CPU
		{37E86957-665A-D94F-EF73-3956E1782B72}.Release|Any CPU.Build.0 = Release|Any CPU
	EndGlobalSection
	GlobalSection(SolutionProperties) = preSolution
		HideSolutionNode = FALSE
	EndGlobalSection
	GlobalSection(ExtensibilityGlobals) = postSolution
		SolutionGuid = {7DB09011-C6CA-4F20-92BC-66A8954372A2}
	EndGlobalSection
EndGlobal
